
Microsoft Visual Studio Solution File, Format Version 12.00
# Visual Studio 15
VisualStudioVersion = 15.0.26403.7
MinimumVisualStudioVersion = 10.0.40219.1
Project("{2150E333-8FDC-42A3-9474-1A3956D46DE8}") = "documents", "documents", "{A11D57B3-3D17-439B-89F4-AA7903FED669}"
	ProjectSection(SolutionItems) = preProject
		1.md = 1.md
	EndProjectSection
EndProject
Project("{2150E333-8FDC-42A3-9474-1A3956D46DE8}") = "codes", "codes", "{F3D4AB2B-BFF6-49A5-B9CD-9A1B321B31D6}"
EndProject
Project("{2150E333-8FDC-42A3-9474-1A3956D46DE8}") = "src", "src", "{7BA0E092-EB03-42E2-8D3C-06443E44AFCD}"
EndProject
Project("{9A19103F-16F7-4668-BE54-9A1E7A4F7556}") = "CoreXLibrary.Cache", "src\codes\CoreXLibrary.Cache\CoreXLibrary.Cache.csproj", "{C35C29AF-BDC5-43F9-8E99-07ABDBA8FBD9}"
EndProject
Project("{9A19103F-16F7-4668-BE54-9A1E7A4F7556}") = "CoreXLibrary.DES", "src\codes\CoreXLibrary.DES\CoreXLibrary.DES.csproj", "{B4E9696E-39B8-4CE8-A0D6-7A1950B87851}"
EndProject
Project("{9A19103F-16F7-4668-BE54-9A1E7A4F7556}") = "CoreXLibrary.Email", "src\codes\CoreXLibrary.Email\CoreXLibrary.Email.csproj", "{1C025368-199D-4BD2-BEB5-5A468025EAAB}"
EndProject
Project("{9A19103F-16F7-4668-BE54-9A1E7A4F7556}") = "CoreXLibrary.Http", "src\codes\CoreXLibrary.Http\CoreXLibrary.Http.csproj", "{092689C4-7E33-4648-A4A8-6EA655CFD076}"
EndProject
Project("{9A19103F-16F7-4668-BE54-9A1E7A4F7556}") = "CoreXLibrary.Md5", "src\codes\CoreXLibrary.Md5\CoreXLibrary.Md5.csproj", "{287600FC-3D6C-4270-BB21-A4F8DFDEDEF1}"
EndProject
Project("{9A19103F-16F7-4668-BE54-9A1E7A4F7556}") = "CoreXLibrary.MongoDB", "src\codes\CoreXLibrary.MongoDB\CoreXLibrary.MongoDB.csproj", "{4DCB9445-8B1B-4D5B-892E-DF5A93B60DC8}"
EndProject
Project("{9A19103F-16F7-4668-BE54-9A1E7A4F7556}") = "CoreXLibrary.SecurityCode", "src\codes\CoreXLibrary.SecurityCode\CoreXLibrary.SecurityCode.csproj", "{EDD4A29D-D509-4EA8-ACF9-E99230BC9AE4}"
EndProject
Project("{9A19103F-16F7-4668-BE54-9A1E7A4F7556}") = "CoreXLibrary.SqlHelper", "src\codes\CoreXLibrary.SqlHelper\CoreXLibrary.SqlHelper.csproj", "{BE9A8926-0042-49A6-9850-456793D8B536}"
EndProject
Project("{9A19103F-16F7-4668-BE54-9A1E7A4F7556}") = "CoreXLibrary.JsonXmlSerialize", "src\codes\JsonXmlSerialize\CoreXLibrary.JsonXmlSerialize.csproj", "{644D43F3-C776-4E7D-919D-42D1E0B93D45}"
EndProject
Global
	GlobalSection(SolutionConfigurationPlatforms) = preSolution
		Debug|Any CPU = Debug|Any CPU
		Release|Any CPU = Release|Any CPU
	EndGlobalSection
	GlobalSection(ProjectConfigurationPlatforms) = postSolution
		{C35C29AF-BDC5-43F9-8E99-07ABDBA8FBD9}.Debug|Any CPU.ActiveCfg = Debug|Any CPU
		{C35C29AF-BDC5-43F9-8E99-07ABDBA8FBD9}.Debug|Any CPU.Build.0 = Debug|Any CPU
		{C35C29AF-BDC5-43F9-8E99-07ABDBA8FBD9}.Release|Any CPU.ActiveCfg = Release|Any CPU
		{C35C29AF-BDC5-43F9-8E99-07ABDBA8FBD9}.Release|Any CPU.Build.0 = Release|Any CPU
		{B4E9696E-39B8-4CE8-A0D6-7A1950B87851}.Debug|Any CPU.ActiveCfg = Debug|Any CPU
		{B4E9696E-39B8-4CE8-A0D6-7A1950B87851}.Debug|Any CPU.Build.0 = Debug|Any CPU
		{B4E9696E-39B8-4CE8-A0D6-7A1950B87851}.Release|Any CPU.ActiveCfg = Release|Any CPU
		{B4E9696E-39B8-4CE8-A0D6-7A1950B87851}.Release|Any CPU.Build.0 = Release|Any CPU
		{1C025368-199D-4BD2-BEB5-5A468025EAAB}.Debug|Any CPU.ActiveCfg = Debug|Any CPU
		{1C025368-199D-4BD2-BEB5-5A468025EAAB}.Debug|Any CPU.Build.0 = Debug|Any CPU
		{1C025368-199D-4BD2-BEB5-5A468025EAAB}.Release|Any CPU.ActiveCfg = Release|Any CPU
		{1C025368-199D-4BD2-BEB5-5A468025EAAB}.Release|Any CPU.Build.0 = Release|Any CPU
		{092689C4-7E33-4648-A4A8-6EA655CFD076}.Debug|Any CPU.ActiveCfg = Debug|Any CPU
		{092689C4-7E33-4648-A4A8-6EA655CFD076}.Debug|Any CPU.Build.0 = Debug|Any CPU
		{092689C4-7E33-4648-A4A8-6EA655CFD076}.Release|Any CPU.ActiveCfg = Release|Any CPU
		{092689C4-7E33-4648-A4A8-6EA655CFD076}.Release|Any CPU.Build.0 = Release|Any CPU
		{287600FC-3D6C-4270-BB21-A4F8DFDEDEF1}.Debug|Any CPU.ActiveCfg = Debug|Any CPU
		{287600FC-3D6C-4270-BB21-A4F8DFDEDEF1}.Debug|Any CPU.Build.0 = Debug|Any CPU
		{287600FC-3D6C-4270-BB21-A4F8DFDEDEF1}.Release|Any CPU.ActiveCfg = Release|Any CPU
		{287600FC-3D6C-4270-BB21-A4F8DFDEDEF1}.Release|Any CPU.Build.0 = Release|Any CPU
		{4DCB9445-8B1B-4D5B-892E-DF5A93B60DC8}.Debug|Any CPU.ActiveCfg = Debug|Any CPU
		{4DCB9445-8B1B-4D5B-892E-DF5A93B60DC8}.Debug|Any CPU.Build.0 = Debug|Any CPU
		{4DCB9445-8B1B-4D5B-892E-DF5A93B60DC8}.Release|Any CPU.ActiveCfg = Release|Any CPU
		{4DCB9445-8B1B-4D5B-892E-DF5A93B60DC8}.Release|Any CPU.Build.0 = Release|Any CPU
		{EDD4A29D-D509-4EA8-ACF9-E99230BC9AE4}.Debug|Any CPU.ActiveCfg = Debug|Any CPU
		{EDD4A29D-D509-4EA8-ACF9-E99230BC9AE4}.Debug|Any CPU.Build.0 = Debug|Any CPU
		{EDD4A29D-D509-4EA8-ACF9-E99230BC9AE4}.Release|Any CPU.ActiveCfg = Release|Any CPU
		{EDD4A29D-D509-4EA8-ACF9-E99230BC9AE4}.Release|Any CPU.Build.0 = Release|Any CPU
		{BE9A8926-0042-49A6-9850-456793D8B536}.Debug|Any CPU.ActiveCfg = Debug|Any CPU
		{BE9A8926-0042-49A6-9850-456793D8B536}.Debug|Any CPU.Build.0 = Debug|Any CPU
		{BE9A8926-0042-49A6-9850-456793D8B536}.Release|Any CPU.ActiveCfg = Release|Any CPU
		{BE9A8926-0042-49A6-9850-456793D8B536}.Release|Any CPU.Build.0 = Release|Any CPU
		{644D43F3-C776-4E7D-919D-42D1E0B93D45}.Debug|Any CPU.ActiveCfg = Debug|Any CPU
		{644D43F3-C776-4E7D-919D-42D1E0B93D45}.Debug|Any CPU.Build.0 = Debug|Any CPU
		{644D43F3-C776-4E7D-919D-42D1E0B93D45}.Release|Any CPU.ActiveCfg = Release|Any CPU
		{644D43F3-C776-4E7D-919D-42D1E0B93D45}.Release|Any CPU.Build.0 = Release|Any CPU
	EndGlobalSection
	GlobalSection(SolutionProperties) = preSolution
		HideSolutionNode = FALSE
	EndGlobalSection
	GlobalSection(NestedProjects) = preSolution
		{A11D57B3-3D17-439B-89F4-AA7903FED669} = {7BA0E092-EB03-42E2-8D3C-06443E44AFCD}
		{F3D4AB2B-BFF6-49A5-B9CD-9A1B321B31D6} = {7BA0E092-EB03-42E2-8D3C-06443E44AFCD}
		{C35C29AF-BDC5-43F9-8E99-07ABDBA8FBD9} = {F3D4AB2B-BFF6-49A5-B9CD-9A1B321B31D6}
		{B4E9696E-39B8-4CE8-A0D6-7A1950B87851} = {F3D4AB2B-BFF6-49A5-B9CD-9A1B321B31D6}
		{1C025368-199D-4BD2-BEB5-5A468025EAAB} = {F3D4AB2B-BFF6-49A5-B9CD-9A1B321B31D6}
		{092689C4-7E33-4648-A4A8-6EA655CFD076} = {F3D4AB2B-BFF6-49A5-B9CD-9A1B321B31D6}
		{287600FC-3D6C-4270-BB21-A4F8DFDEDEF1} = {F3D4AB2B-BFF6-49A5-B9CD-9A1B321B31D6}
		{4DCB9445-8B1B-4D5B-892E-DF5A93B60DC8} = {F3D4AB2B-BFF6-49A5-B9CD-9A1B321B31D6}
		{EDD4A29D-D509-4EA8-ACF9-E99230BC9AE4} = {F3D4AB2B-BFF6-49A5-B9CD-9A1B321B31D6}
		{BE9A8926-0042-49A6-9850-456793D8B536} = {F3D4AB2B-BFF6-49A5-B9CD-9A1B321B31D6}
		{644D43F3-C776-4E7D-919D-42D1E0B93D45} = {F3D4AB2B-BFF6-49A5-B9CD-9A1B321B31D6}
	EndGlobalSection
EndGlobal
